
Microsoft Visual Studio Solution File, Format Version 12.00
# Visual Studio 14
VisualStudioVersion = 14.0.23107.0
MinimumVisualStudioVersion = 10.0.40219.1
Project("{159641D6-6404-4A2A-AE62-294DE0FE8301}") = "BIMLMigration", "BIMLMigration\BIMLMigration.dtproj", "{3B50B5D9-F8C4-478B-91D7-03E29BF28FC6}"
EndProject
Global
	GlobalSection(SolutionConfigurationPlatforms) = preSolution
		Development|Default = Development|Default
	EndGlobalSection
	GlobalSection(ProjectConfigurationPlatforms) = postSolution
		{3B50B5D9-F8C4-478B-91D7-03E29BF28FC6}.Development|Default.ActiveCfg = Development
		{3B50B5D9-F8C4-478B-91D7-03E29BF28FC6}.Development|Default.Build.0 = Development
	EndGlobalSection
	GlobalSection(SolutionProperties) = preSolution
		HideSolutionNode = FALSE
	EndGlobalSection
EndGlobal
